
Microsoft Visual Studio Solution File, Format Version 12.00
# Visual Studio Version 17
VisualStudioVersion = 17.0.31912.275
MinimumVisualStudioVersion = 10.0.40219.1
Project("{9A19103F-16F7-4668-BE54-9A1E7A4F7556}") = "Merge Two Sorted Lists", "Merge Two Sorted Lists.csproj", "{8ECE3D7D-21F6-4B54-99BF-AAA020A155C7}"
EndProject
Project("{FAE04EC0-301F-11D3-BF4B-00C04F79EFBC}") = "Merge Two Sorted Lists.Tests", "..\Merge Two Sorted Lists.Tests\Merge Two Sorted Lists.Tests.csproj", "{CE51BCC2-285F-4050-BAB3-0746B5A8D867}"
EndProject
Global
	GlobalSection(SolutionConfigurationPlatforms) = preSolution
		Debug|Any CPU = Debug|Any CPU
		Release|Any CPU = Release|Any CPU
	EndGlobalSection
	GlobalSection(ProjectConfigurationPlatforms) = postSolution
		{8ECE3D7D-21F6-4B54-99BF-AAA020A155C7}.Debug|Any CPU.ActiveCfg = Debug|Any CPU
		{8ECE3D7D-21F6-4B54-99BF-AAA020A155C7}.Debug|Any CPU.Build.0 = Debug|Any CPU
		{8ECE3D7D-21F6-4B54-99BF-AAA020A155C7}.Release|Any CPU.ActiveCfg = Release|Any CPU
		{8ECE3D7D-21F6-4B54-99BF-AAA020A155C7}.Release|Any CPU.Build.0 = Release|Any CPU
		{CE51BCC2-285F-4050-BAB3-0746B5A8D867}.Debug|Any CPU.ActiveCfg = Debug|Any CPU
		{CE51BCC2-285F-4050-BAB3-0746B5A8D867}.Debug|Any CPU.Build.0 = Debug|Any CPU
		{CE51BCC2-285F-4050-BAB3-0746B5A8D867}.Release|Any CPU.ActiveCfg = Release|Any CPU
		{CE51BCC2-285F-4050-BAB3-0746B5A8D867}.Release|Any CPU.Build.0 = Release|Any CPU
	EndGlobalSection
	GlobalSection(SolutionProperties) = preSolution
		HideSolutionNode = FALSE
	EndGlobalSection
	GlobalSection(ExtensibilityGlobals) = postSolution
		SolutionGuid = {DF57C865-3059-4B30-89C4-E4E13180EFC2}
	EndGlobalSection
EndGlobal
